{
  "name": "npm-audit-reporter-teamcity",
  "version": "0.1.0",
  "lockfileVersion": 1,
  "requires": true,
  "dependencies": {
    "@types/node": {
      "version": "11.12.2",
      "resolved": "https://registry.npmjs.org/@types/node/-/node-11.12.2.tgz",
      "integrity": "sha512-c82MtnqWB/CqqK7/zit74Ob8H1dBdV7bK+BcErwtXbe0+nUGkgzq5NTDmRW/pAv2lFtmeNmW95b0zK2hxpeklg==",
      "dev": true
    },
    "teamcity-service-messages": {
      "version": "0.1.9",
      "resolved": "https://registry.npmjs.org/teamcity-service-messages/-/teamcity-service-messages-0.1.9.tgz",
      "integrity": "sha512-agmBUllpL8n02cG/6s16St5yXYEdynkyyGDWM5qsFq9sKEkc+gBAJgcgJQCVsqlxbZZUToRwTI1hLataRjCGcw=="
    }
  }
}
